[[package]]
name = "batsat"
version = "0.2.0"
source = "registry+https://github.com/rust-lang/crates.io-index"
dependencies = [
 "bit-vec 0.5.0 (registry+https://github.com/rust-lang/crates.io-index)",
 "smallvec 0.6.7 (registry+https://github.com/rust-lang/crates.io-index)",
]

[[package]]
name = "batsmt-cc"
version = "0.1.0"
dependencies = [
 "batsmt-core 0.1.0",
 "bit-vec 0.5.0 (registry+https://github.com/rust-lang/crates.io-index)",
 "log 0.4.6 (registry+https://github.com/rust-lang/crates.io-index)",
 "smallvec 0.6.7 (registry+https://github.com/rust-lang/crates.io-index)",
]

[[package]]
name = "batsmt-core"
version = "0.1.0"
dependencies = [
 "batsat 0.2.0 (registry+https://github.com/rust-lang/crates.io-index)",
 "bit-vec 0.5.0 (registry+https://github.com/rust-lang/crates.io-index)",
 "log 0.4.6 (registry+https://github.com/rust-lang/crates.io-index)",
 "smallvec 0.6.7 (registry+https://github.com/rust-lang/crates.io-index)",
]

[[package]]
name = "bit-vec"
version = "0.5.0"
source = "registry+https://github.com/rust-lang/crates.io-index"

[[package]]
name = "cfg-if"
version = "0.1.6"
source = "registry+https://github.com/rust-lang/crates.io-index"

[[package]]
name = "log"
version = "0.4.6"
source = "registry+https://github.com/rust-lang/crates.io-index"
dependencies = [
 "cfg-if 0.1.6 (registry+https://github.com/rust-lang/crates.io-index)",
]

[[package]]
name = "smallvec"
version = "0.6.7"
source = "registry+https://github.com/rust-lang/crates.io-index"
dependencies = [
 "unreachable 1.0.0 (registry+https://github.com/rust-lang/crates.io-index)",
]

[[package]]
name = "unreachable"
version = "1.0.0"
source = "registry+https://github.com/rust-lang/crates.io-index"
dependencies = [
 "void 1.0.2 (registry+https://github.com/rust-lang/crates.io-index)",
]

[[package]]
name = "void"
version = "1.0.2"
source = "registry+https://github.com/rust-lang/crates.io-index"

[metadata]
"checksum batsat 0.2.0 (registry+https://github.com/rust-lang/crates.io-index)" = "f4fd5da6c1a774affe622aa42294910bbb2bc6d1004b458f13f43f4b2e61ddde"
"checksum bit-vec 0.5.0 (registry+https://github.com/rust-lang/crates.io-index)" = "4440d5cb623bb7390ae27fec0bb6c61111969860f8e3ae198bfa0663645e67cf"
"checksum cfg-if 0.1.6 (registry+https://github.com/rust-lang/crates.io-index)" = "082bb9b28e00d3c9d39cc03e64ce4cea0f1bb9b3fde493f0cbc008472d22bdf4"
"checksum log 0.4.6 (registry+https://github.com/rust-lang/crates.io-index)" = "c84ec4b527950aa83a329754b01dbe3f58361d1c5efacd1f6d68c494d08a17c6"
"checksum smallvec 0.6.7 (registry+https://github.com/rust-lang/crates.io-index)" = "b73ea3738b47563803ef814925e69be00799a8c07420be8b996f8e98fb2336db"
"checksum unreachable 1.0.0 (registry+https://github.com/rust-lang/crates.io-index)" = "382810877fe448991dfc7f0dd6e3ae5d58088fd0ea5e35189655f84e6814fa56"
"checksum void 1.0.2 (registry+https://github.com/rust-lang/crates.io-index)" = "6a02e4885ed3bc0f2de90ea6dd45ebcbb66dacffe03547fadbb0eeae2770887d"
